
Microsoft Visual Studio Solution File, Format Version 12.00
# Visual Studio 2012
Project("{FAE04EC0-301F-11D3-BF4B-00C04F79EFBC}") = "csharptest", "csharptest\csharptest.csproj", "{D086CE46-6AFA-4FCD-BD35-F2E4DDE6F15E}"
EndProject
Global
	GlobalSection(SolutionConfigurationPlatforms) = preSolution
		Debug|x86 = Debug|x86
		Release|x86 = Release|x86
	EndGlobalSection
	GlobalSection(ProjectConfigurationPlatforms) = postSolution
		{D086CE46-6AFA-4FCD-BD35-F2E4DDE6F15E}.Debug|x86.ActiveCfg = Debug|x86
		{D086CE46-6AFA-4FCD-BD35-F2E4DDE6F15E}.Debug|x86.Build.0 = Debug|x86
		{D086CE46-6AFA-4FCD-BD35-F2E4DDE6F15E}.Release|x86.ActiveCfg = Release|x86
		{D086CE46-6AFA-4FCD-BD35-F2E4DDE6F15E}.Release|x86.Build.0 = Release|x86
	EndGlobalSection
EndGlobal
